<?xml version="1.0" encoding="utf-8"?>
<Project ToolsVersion="4.0" xmlns="http://schemas.microsoft.com/developer/msbuild/2003">
  <ItemGroup>
    <Filter Include="Source Files">
      <UniqueIdentifier>{4FC737F1-C7A5-4376-A066-2A32D752A2FF}</UniqueIdentifier>
      <Extensions>cpp;c;cc;cxx;def;odl;idl;hpj;bat;asm;asmx</Extensions>
    </Filter>
    <Filter Include="Header Files">
      <UniqueIdentifier>{93995380-89BD-4b04-88EB-625FBE52EBFB}</UniqueIdentifier>
      <Extensions>h;hpp;hxx;hm;inl;inc;xsd</Extensions>
    </Filter>
    <Filter Include="Resource Files">
      <UniqueIdentifier>{67DA6AB6-F800-4c08-8B7A-83BB121AAD01}</UniqueIdentifier>
      <Extensions>rc;ico;cur;bmp;dlg;rc2;rct;bin;rgs;gif;jpg;jpeg;jpe;resx;tiff;tif;png;wav;mfcribbon-ms</Extensions>
    </Filter>
    <Filter Include="Header Files\Shared">
      <UniqueIdentifier>{6f7fbaad-3951-4c00-b7fb-1d3253b81836}</UniqueIdentifier>
    </Filter>
    <Filter Include="Source Files\FuncClasses">
      <UniqueIdentifier>{1ccf609b-4b64-4645-9b45-64cf61278184}</UniqueIdentifier>
    </Filter>
    <Filter Include="Header Files\Plugin Version Headers">
      <UniqueIdentifier>{7d7c7a0a-1c32-42ae-bebb-b21734c21411}</UniqueIdentifier>
    </Filter>
    <Filter Include="Source Files\Plugin Version Source">
      <UniqueIdentifier>{4a4568ad-e2cf-47af-a61b-dacab83aa1af}</UniqueIdentifier>
    </Filter>
  </ItemGroup>
  <ItemGroup>
    <ClInclude Include="Platform_Managed_Linux.h">
      <Filter>Header Files</Filter>
    </ClInclude>
    <ClInclude Include="Platform_Managed_Win32.h">
      <Filter>Header Files</Filter>
    </ClInclude>
    <ClInclude Include="Plugin_Loader.h">
      <Filter>Header Files</Filter>
    </ClInclude>
    <ClInclude Include="..\Macro_Shared.h">
      <Filter>Header Files\Shared</Filter>
    </ClInclude>
    <ClInclude Include="..\Plugin_Header.h">
      <Filter>Header Files\Shared</Filter>
    </ClInclude>
    <ClInclude Include="Version_Headers\Plugin_Version_0_0.h">
      <Filter>Header Files\Plugin Version Headers</Filter>
    </ClInclude>
  </ItemGroup>
  <ItemGroup>
    <ClCompile Include="Plugin_Header_Classes.cpp">
      <Filter>Source Files</Filter>
    </ClCompile>
    <ClCompile Include="Plugin_Loader.cpp">
      <Filter>Source Files</Filter>
    </ClCompile>
    <ClCompile Include="Version_Classes\Plugin_Version_0_0.cpp">
      <Filter>Source Files\Plugin Version Source</Filter>
    </ClCompile>
  </ItemGroup>
  <ItemGroup>
    <None Include="Func_Classes\Engine_Preload.cpp">
      <Filter>Source Files\FuncClasses</Filter>
    </None>
  </ItemGroup>
</Project>