<?xml version="1.0" encoding="utf-8"?>
<Project ToolsVersion="4.0" xmlns="http://schemas.microsoft.com/developer/msbuild/2003">
  <ItemGroup>
    <Filter Include="Source Files">
      <UniqueIdentifier>{4FC737F1-C7A5-4376-A066-2A32D752A2FF}</UniqueIdentifier>
      <Extensions>cpp;c;cc;cxx;def;odl;idl;hpj;bat;asm;asmx</Extensions>
    </Filter>
    <Filter Include="Header Files">
      <UniqueIdentifier>{93995380-89BD-4b04-88EB-625FBE52EBFB}</UniqueIdentifier>
      <Extensions>h;hpp;hxx;hm;inl;inc;xsd</Extensions>
    </Filter>
    <Filter Include="Resource Files">
      <UniqueIdentifier>{67DA6AB6-F800-4c08-8B7A-83BB121AAD01}</UniqueIdentifier>
      <Extensions>rc;ico;cur;bmp;dlg;rc2;rct;bin;rgs;gif;jpg;jpeg;jpe;resx;tiff;tif;png;wav;mfcribbon-ms</Extensions>
    </Filter>
    <Filter Include="Header Files\Shared Include">
      <UniqueIdentifier>{845aef00-9308-4bfa-97f9-39aec575eb78}</UniqueIdentifier>
    </Filter>
    <Filter Include="soil">
      <UniqueIdentifier>{d45d4cd0-f437-4a9a-afea-1993d91e764d}</UniqueIdentifier>
    </Filter>
    <Filter Include="soil\Headers">
      <UniqueIdentifier>{37124cab-e07a-4481-8c20-5b59b272a87d}</UniqueIdentifier>
    </Filter>
  </ItemGroup>
  <ItemGroup>
    <ClInclude Include="opengl_30.h">
      <Filter>Header Files</Filter>
    </ClInclude>
    <ClInclude Include="..\..\SharedInclude\Macro_Shared.h">
      <Filter>Header Files\Shared Include</Filter>
    </ClInclude>
    <ClInclude Include="..\..\SharedInclude\PLF_Loader.h">
      <Filter>Header Files\Shared Include</Filter>
    </ClInclude>
    <ClInclude Include="..\..\SharedInclude\Plugin_Header.h">
      <Filter>Header Files\Shared Include</Filter>
    </ClInclude>
    <ClInclude Include="..\..\SharedInclude\Plugin_Static.h">
      <Filter>Header Files\Shared Include</Filter>
    </ClInclude>
    <ClInclude Include="soil\SOIL.h">
      <Filter>soil</Filter>
    </ClInclude>
    <ClInclude Include="soil\image_DXT.h">
      <Filter>soil\Headers</Filter>
    </ClInclude>
    <ClInclude Include="soil\image_helper.h">
      <Filter>soil\Headers</Filter>
    </ClInclude>
    <ClInclude Include="soil\stb_image_aug.h">
      <Filter>soil\Headers</Filter>
    </ClInclude>
    <ClInclude Include="soil\stbi_DDS_aug.h">
      <Filter>soil\Headers</Filter>
    </ClInclude>
    <ClInclude Include="soil\stbi_DDS_aug_c.h">
      <Filter>soil\Headers</Filter>
    </ClInclude>
  </ItemGroup>
  <ItemGroup>
    <ClCompile Include="opengl_30.cpp">
      <Filter>Source Files</Filter>
    </ClCompile>
    <ClCompile Include="soil\image_DXT.c">
      <Filter>soil</Filter>
    </ClCompile>
    <ClCompile Include="soil\image_helper.c">
      <Filter>soil</Filter>
    </ClCompile>
    <ClCompile Include="soil\SOIL.c">
      <Filter>soil</Filter>
    </ClCompile>
    <ClCompile Include="soil\stb_image_aug.c">
      <Filter>soil</Filter>
    </ClCompile>
  </ItemGroup>
  <ItemGroup>
    <None Include="..\..\Debug\minimal.frag">
      <Filter>Resource Files</Filter>
    </None>
    <None Include="..\..\Debug\minimal.vert">
      <Filter>Resource Files</Filter>
    </None>
  </ItemGroup>
</Project>